// !$*UTF8*$!
{
	archiveVersion = 1;
	classes = {
	};
	objectVersion = 46;
	objects = {

/* Begin PBXBuildFile section */
		859583281C71AF30007A2585 /* AppDelegate.swift in Sources */ = {isa = PBXBuildFile; fileRef = 859583271C71AF30007A2585 /* AppDelegate.swift */; };
		8595832A1C71AF30007A2585 /* ViewController.swift in Sources */ = {isa = PBXBuildFile; fileRef = 859583291C71AF30007A2585 /* ViewController.swift */; };
		8595832D1C71AF30007A2585 /* Main.storyboard in Resources */ = {isa = PBXBuildFile; fileRef = 8595832B1C71AF30007A2585 /* Main.storyboard */; };
		8595832F1C71AF30007A2585 /* Assets.xcassets in Resources */ = {isa = PBXBuildFile; fileRef = 8595832E1C71AF30007A2585 /* Assets.xcassets */; };
		859583321C71AF30007A2585 /* LaunchScreen.storyboard in Resources */ = {isa = PBXBuildFile; fileRef = 859583301C71AF30007A2585 /* LaunchScreen.storyboard */; };
/* End PBXBuildFile section */

/* Begin PBXFileReference section */
		859583241C71AF30007A2585 /* TableInsertTest.app */ = {isa = PBXFileReference; explicitFileType = wrapper.application; includeInIndex = 0; path = TableInsertTest.app; sourceTree = BUILT_PRODUCTS_DIR; };
		859583271C71AF30007A2585 /* AppDelegate.swift */ = {isa = PBXFileReference; lastKnownFileType = sourcecode.swift; path = AppDelegate.swift; sourceTree = "<group>"; };
		859583291C71AF30007A2585 /* ViewController.swift */ = {isa = PBXFileReference; lastKnownFileType = sourcecode.swift; path = ViewController.swift; sourceTree = "<group>"; };
		8595832C1C71AF30007A2585 /* Base */ = {isa = PBXFileReference; lastKnownFileType = file.storyboard; name = Base; path = Base.lproj/Main.storyboard; sourceTree = "<group>"; };
		8595832E1C71AF30007A2585 /* Assets.xcassets */ = {isa = PBXFileReference; lastKnownFileType = folder.assetcatalog; path = Assets.xcassets; sourceTree = "<group>"; };
		859583311C71AF30007A2585 /* Base */ = {isa = PBXFileReference; lastKnownFileType = file.storyboard; name = Base; path = Base.lproj/LaunchScreen.storyboard; sourceTree = "<group>"; };
		859583331C71AF30007A2585 /* Info.plist */ = {isa = PBXFileReference; lastKnownFileType = text.plist.xml; path = Info.plist; sourceTree = "<group>"; };
/* End PBXFileReference section */

/* Begin PBXFrameworksBuildPhase section */
		859583211C71AF30007A2585 /* Frameworks */ = {
			isa = PBXFrameworksBuildPhase;
			buildActionMask = 2147483647;
			files = (
			);
			runOnlyForDeploymentPostprocessing = 0;
		};
/* End PBXFrameworksBuildPhase section */

/* Begin PBXGroup section */
		8595831B1C71AF30007A2585 = {
			isa = PBXGroup;
			children = (
				859583261C71AF30007A2585 /* TableInsertTest */,
				859583251C71AF30007A2585 /* Products */,
			);
			sourceTree = "<group>";
		};
		859583251C71AF30007A2585 /* Products */ = {
			isa = PBXGroup;
			children = (
				859583241C71AF30007A2585 /* TableInsertTest.app */,
			);
			name = Products;
			sourceTree = "<group>";
		};
		859583261C71AF30007A2585 /* TableInsertTest */ = {
			isa = PBXGroup;
			children = (
				859583271C71AF30007A2585 /* AppDelegate.swift */,
				859583291C71AF30007A2585 /* ViewController.swift */,
				8595832B1C71AF30007A2585 /* Main.storyboard */,
				8595832E1C71AF30007A2585 /* Assets.xcassets */,
				859583301C71AF30007A2585 /* LaunchScreen.storyboard */,
				859583331C71AF30007A2585 /* Info.plist */,
			);
			path = TableInsertTest;
			sourceTree = "<group>";
		};
/* End PBXGroup section */

/* Begin PBXNativeTarget section */
		859583231C71AF30007A2585 /* TableInsertTest */ = {
			isa = PBXNativeTarget;
			buildConfigurationList = 859583361C71AF30007A2585 /* Build configuration list for PBXNativeTarget "TableInsertTest" */;
			buildPhases = (
				859583201C71AF30007A2585 /* Sources */,
				859583211C71AF30007A2585 /* Frameworks */,
				859583221C71AF30007A2585 /* Resources */,
			);
			buildRules = (
			);
			dependencies = (
			);
			name = TableInsertTest;
			productName = TableInsertTest;
			productReference = 859583241C71AF30007A2585 /* TableInsertTest.app */;
			productType = "com.apple.product-type.application";
		};
/* End PBXNativeTarget section */

/* Begin PBXProject section */
		8595831C1C71AF30007A2585 /* Project object */ = {
			isa = PBXProject;
			attributes = {
				LastSwiftUpdateCheck = 0730;
				LastUpgradeCheck = 0730;
				ORGANIZATIONNAME = "Snapsale AS";
				TargetAttributes = {
					859583231C71AF30007A2585 = {
						CreatedOnToolsVersion = 7.3;
					};
				};
			};
			buildConfigurationList = 8595831F1C71AF30007A2585 /* Build configuration list for PBXProject "TableInsertTest" */;
			compatibilityVersion = "Xcode 3.2";
			developmentRegion = English;
			hasScannedForEncodings = 0;
			knownRegions = (
				en,
				Base,
			);
			mainGroup = 8595831B1C71AF30007A2585;
			productRefGroup = 859583251C71AF30007A2585 /* Products */;
			projectDirPath = "";
			projectRoot = "";
			targets = (
				859583231C71AF30007A2585 /* TableInsertTest */,
			);
		};
/* End PBXProject section */

/* Begin PBXResourcesBuildPhase section */
		859583221C71AF30007A2585 /* Resources */ = {
			isa = PBXResourcesBuildPhase;
			buildActionMask = 2147483647;
			files = (
				859583321C71AF30007A2585 /* LaunchScreen.storyboard in Resources */,
				8595832F1C71AF30007A2585 /* Assets.xcassets in Resources */,
				8595832D1C71AF30007A2585 /* Main.storyboard in Resources */,
			);
			runOnlyForDeploymentPostprocessing = 0;
		};
/* End PBXResourcesBuildPhase section */

/* Begin PBXSourcesBuildPhase section */
		859583201C71AF30007A2585 /* Sources */ = {
			isa = PBXSourcesBuildPhase;
			buildActionMask = 2147483647;
			files = (
				8595832A1C71AF30007A2585 /* ViewController.swift in Sources */,
				859583281C71AF30007A2585 /* AppDelegate.swift in Sources */,
			);
			runOnlyForDeploymentPostprocessing = 0;
		};
/* End PBXSourcesBuildPhase section */

/* Begin PBXVariantGroup section */
		8595832B1C71AF30007A2585 /* Main.storyboard */ = {
			isa = PBXVariantGroup;
			children = (
				8595832C1C71AF30007A2585 /* Base */,
			);
			name = Main.storyboard;
			sourceTree = "<group>";
		};
		859583301C71AF30007A2585 /* LaunchScreen.storyboard */ = {
			isa = PBXVariantGroup;
			children = (
				859583311C71AF30007A2585 /* Base */,
			);
			name = LaunchScreen.storyboard;
			sourceTree = "<group>";
		};
/* End PBXVariantGroup section */

/* Begin XCBuildConfiguration section */
		859583341C71AF30007A2585 /* Debug */ = {
			isa = XCBuildConfiguration;
			buildSettings = {
				ALWAYS_SEARCH_USER_PATHS = NO;
				CLANG_CXX_LANGUAGE_STANDARD = "gnu++0x";
				CLANG_CXX_LIBRARY = "libc++";
				CLANG_ENABLE_MODULES = YES;
				CLANG_ENABLE_OBJC_ARC = YES;
				CLANG_WARN_BOOL_CONVERSION = YES;
				CLANG_WARN_CONSTANT_CONVERSION = YES;
				CLANG_WARN_DIRECT_OBJC_ISA_USAGE = YES_ERROR;
				CLANG_WARN_EMPTY_BODY = YES;
				CLANG_WARN_ENUM_CONVERSION = YES;
				CLANG_WARN_INT_CONVERSION = YES;
				CLANG_WARN_OBJC_ROOT_CLASS = YES_ERROR;
				CLANG_WARN_UNREACHABLE_CODE = YES;
				CLANG_WARN__DUPLICATE_METHOD_MATCH = YES;
				"CODE_SIGN_IDENTITY[sdk=iphoneos*]" = "iPhone Developer";
				COPY_PHASE_STRIP = NO;
				DEBUG_INFORMATION_FORMAT = dwarf;
				ENABLE_STRICT_OBJC_MSGSEND = YES;
				ENABLE_TESTABILITY = YES;
				GCC_C_LANGUAGE_STANDARD = gnu99;
				GCC_DYNAMIC_NO_PIC = NO;
				GCC_NO_COMMON_BLOCKS = YES;
				GCC_OPTIMIZATION_LEVEL = 0;
				GCC_PREPROCESSOR_DEFINITIONS = (
					"DEBUG=1",
					"$(inherited)",
				);
				GCC_WARN_64_TO_32_BIT_CONVERSION = YES;
				GCC_WARN_ABOUT_RETURN_TYPE = YES_ERROR;
				GCC_WARN_UNDECLARED_SELECTOR = YES;
				GCC_WARN_UNINITIALIZED_AUTOS = YES_AGGRESSIVE;
				GCC_WARN_UNUSED_FUNCTION = YES;
				GCC_WARN_UNUSED_VARIABLE = YES;
				IPHONEOS_DEPLOYMENT_TARGET = 9.3;
				MTL_ENABLE_DEBUG_INFO = YES;
				ONLY_ACTIVE_ARCH = YES;
				SDKROOT = iphoneos;
				SWIFT_OPTIMIZATION_LEVEL = "-Onone";
				TARGETED_DEVICE_FAMILY = "1,2";
			};
			name = Debug;
		};
		859583351C71AF30007A2585 /* Release */ = {
			isa = XCBuildConfiguration;
			buildSettings = {
				ALWAYS_SEARCH_USER_PATHS = NO;
				CLANG_CXX_LANGUAGE_STANDARD = "gnu++0x";
				CLANG_CXX_LIBRARY = "libc++";
				CLANG_ENABLE_MODULES = YES;
				CLANG_ENABLE_OBJC_ARC = YES;
				CLANG_WARN_BOOL_CONVERSION = YES;
				CLANG_WARN_CONSTANT_CONVERSION = YES;
				CLANG_WARN_DIRECT_OBJC_ISA_USAGE = YES_ERROR;
				CLANG_WARN_EMPTY_BODY = YES;
				CLANG_WARN_ENUM_CONVERSION = YES;
				CLANG_WARN_INT_CONVERSION = YES;
				CLANG_WARN_OBJC_ROOT_CLASS = YES_ERROR;
				CLANG_WARN_UNREACHABLE_CODE = YES;
				CLANG_WARN__DUPLICATE_METHOD_MATCH = YES;
				"CODE_SIGN_IDENTITY[sdk=iphoneos*]" = "iPhone Developer";
				COPY_PHASE_STRIP = NO;
				DEBUG_INFORMATION_FORMAT = "dwarf-with-dsym";
				ENABLE_NS_ASSERTIONS = NO;
				ENABLE_STRICT_OBJC_MSGSEND = YES;
				GCC_C_LANGUAGE_STANDARD = gnu99;
				GCC_NO_COMMON_BLOCKS = YES;
				GCC_WARN_64_TO_32_BIT_CONVERSION = YES;
				GCC_WARN_ABOUT_RETURN_TYPE = YES_ERROR;
				GCC_WARN_UNDECLARED_SELECTOR = YES;
				GCC_WARN_UNINITIALIZED_AUTOS = YES_AGGRESSIVE;
				GCC_WARN_UNUSED_FUNCTION = YES;
				GCC_WARN_UNUSED_VARIABLE = YES;
				IPHONEOS_DEPLOYMENT_TARGET = 9.3;
				MTL_ENABLE_DEBUG_INFO = NO;
				SDKROOT = iphoneos;
				TARGETED_DEVICE_FAMILY = "1,2";
				VALIDATE_PRODUCT = YES;
			};
			name = Release;
		};
		859583371C71AF30007A2585 /* Debug */ = {
			isa = XCBuildConfiguration;
			buildSettings = {
				ASSETCATALOG_COMPILER_APPICON_NAME = AppIcon;
				INFOPLIST_FILE = TableInsertTest/Info.plist;
				LD_RUNPATH_SEARCH_PATHS = "$(inherited) @executable_path/Frameworks";
				PRODUCT_BUNDLE_IDENTIFIER = test.snapsale.TableInsertTest;
				PRODUCT_NAME = "$(TARGET_NAME)";
			};
			name = Debug;
		};
		859583381C71AF30007A2585 /* Release */ = {
			isa = XCBuildConfiguration;
			buildSettings = {
				ASSETCATALOG_COMPILER_APPICON_NAME = AppIcon;
				INFOPLIST_FILE = TableInsertTest/Info.plist;
				LD_RUNPATH_SEARCH_PATHS = "$(inherited) @executable_path/Frameworks";
				PRODUCT_BUNDLE_IDENTIFIER = test.snapsale.TableInsertTest;
				PRODUCT_NAME = "$(TARGET_NAME)";
			};
			name = Release;
		};
/* End XCBuildConfiguration section */

/* Begin XCConfigurationList section */
		8595831F1C71AF30007A2585 /* Build configuration list for PBXProject "TableInsertTest" */ = {
			isa = XCConfigurationList;
			buildConfigurations = (
				859583341C71AF30007A2585 /* Debug */,
				859583351C71AF30007A2585 /* Release */,
			);
			defaultConfigurationIsVisible = 0;
			defaultConfigurationName = Release;
		};
		859583361C71AF30007A2585 /* Build configuration list for PBXNativeTarget "TableInsertTest" */ = {
			isa = XCConfigurationList;
			buildConfigurations = (
				859583371C71AF30007A2585 /* Debug */,
				859583381C71AF30007A2585 /* Release */,
			);
			defaultConfigurationIsVisible = 0;
		};
/* End XCConfigurationList section */
	};
	rootObject = 8595831C1C71AF30007A2585 /* Project object */;
}
